#MicroXplorer Configuration settings - do not modify
Mcu.Family=STM32F0
ProjectManager.MainLocation=Src
Dma.USART2_RX.2.PeriphDataAlignment=DMA_PDATAALIGN_BYTE
RCC.MCOFreq_Value=48000000
RCC.USART1Freq_Value=48000000
TIM17.Prescaler=48-1
USART2.IPParameters=VirtualMode-Asynchronous,BaudRate
VP_TIM17_VS_ClockSourceINT.Mode=Enable_Timer
ProjectManager.KeepUserCode=true
Mcu.UserName=STM32F042K6Tx
Dma.USART1_TX.1.MemInc=DMA_MINC_ENABLE
Dma.USART2_TX.3.MemInc=DMA_MINC_ENABLE
Dma.USART2_TX.3.RequestParameters=Instance,Direction,PeriphInc,MemInc,PeriphDataAlignment,MemDataAlignment,Mode,Priority
USART1.BaudRate=9600
RCC.PLLCLKFreq_Value=48000000
ProjectManager.functionlistsort=1-MX_GPIO_Init-GPIO-false-HAL-true,2-MX_DMA_Init-DMA-false-HAL-true,3-SystemClock_Config-RCC-false-HAL-false,4-MX_ADC_Init-ADC-false-HAL-true,5-MX_CAN_Init-CAN-false-HAL-true,6-MX_TIM3_Init-TIM3-false-HAL-true,7-MX_USART1_UART_Init-USART1-false-HAL-true,8-MX_USART2_UART_Init-USART2-false-HAL-true,9-MX_TIM17_Init-TIM17-false-HAL-true
PA11.Mode=Master
PB6.GPIO_Label=GREEN LED
PB0.GPIO_Label=BUTTON 2
FREERTOS.configTICK_RATE_HZ=1000
Dma.USART2_TX.3.Direction=DMA_MEMORY_TO_PERIPH
NVIC.SVC_IRQn=true\:0\:0\:false\:false\:false\:false\:false\:false
USART1.IPParameters=VirtualMode-Asynchronous,BaudRate
PinOutPanel.RotationAngle=0
RCC.SYSCLKSource=RCC_SYSCLKSOURCE_PLLCLK
ProjectManager.StackSize=0x400
PB5.GPIOParameters=GPIO_Label
Mcu.IP4=NVIC
Mcu.IP5=RCC
RCC.FCLKCortexFreq_Value=48000000
Mcu.IP2=DMA
Mcu.IP3=FREERTOS
Mcu.IP0=ADC
Mcu.IP1=CAN
PA12.Signal=CAN_TX
Mcu.UserConstants=
Mcu.ThirdPartyNb=0
NVIC.TIM17_IRQn=true\:0\:0\:false\:false\:true\:true\:true\:true
RCC.HCLKFreq_Value=48000000
Mcu.IPNb=11
ProjectManager.PreviousToolchain=
TIM3.Period=100-1
PB6.Signal=GPIO_Output
Dma.USART2_RX.2.Priority=DMA_PRIORITY_HIGH
PA8.GPIOParameters=GPIO_Label
Mcu.Pin6=PA4
Dma.USART2_RX.2.MemDataAlignment=DMA_MDATAALIGN_BYTE
Mcu.Pin7=PA5
TIM17.IPParameters=Period,Prescaler
Mcu.Pin8=PA6
Mcu.Pin9=PA7
FREERTOS.IPParameters=Tasks01,configTICK_RATE_HZ,FootprintOK
PA1.GPIO_PuPd=GPIO_PULLUP
RCC.AHBFreq_Value=48000000
Dma.USART1_RX.0.Priority=DMA_PRIORITY_HIGH
Mcu.Pin0=PF0-OSC_IN
Mcu.Pin1=PF1-OSC_OUT
TIM3.Channel-PWM\ Generation1\ CH1=TIM_CHANNEL_1
GPIO.groupedBy=Show All
Mcu.Pin2=PA0
Mcu.Pin3=PA1
Mcu.Pin4=PA2
ADC.SamplingTime=ADC_SAMPLETIME_28CYCLES_5
Mcu.Pin5=PA3
ProjectManager.ProjectBuild=false
PA8.Locked=true
PA4.Locked=true
Mcu.IP10=USART2
USART2.VirtualMode-Asynchronous=VM_ASYNC
NVIC.SysTick_IRQn=true\:0\:0\:false\:false\:false\:false\:false\:false
RCC.PLLMUL=RCC_PLL_MUL6
TIM17.Period=1000
ProjectManager.FirmwarePackage=STM32Cube FW_F0 V1.11.1
MxDb.Version=DB.6.0.0
PB0.GPIOParameters=GPIO_Label
PA1.GPIOParameters=GPIO_PuPd,GPIO_Label
ProjectManager.BackupPrevious=false
Dma.ADC.4.Instance=DMA1_Channel1
PA14.Mode=Serial_Wire
VP_SYS_VS_tim1.Mode=TIM1
TIM3.Prescaler=12-1
File.Version=6
PA0.Mode=IN0
PB7.Signal=GPIO_Output
PA8.Signal=GPIO_Output
PB6.Locked=true
NVIC.PendSV_IRQn=true\:0\:0\:false\:false\:false\:false\:false\:false
SH.S_TIM3_CH1.0=TIM3_CH1,PWM Generation1 CH1
VP_FREERTOS_VS_CMSIS_V1.Mode=CMSIS_V1
Dma.USART1_RX.0.MemInc=DMA_MINC_ENABLE
Dma.RequestsNb=5
PB6.GPIOParameters=GPIO_Label
CAN.CalculateTimeQuantum=333.3333333333333
ProjectManager.HalAssertFull=false
PB0.Locked=true
Dma.USART1_TX.1.PeriphDataAlignment=DMA_PDATAALIGN_BYTE
ProjectManager.ProjectName=Ultrasonic
PA0.Signal=ADC_IN0
RCC.PLLMCOFreq_Value=48000000
PB7.GPIO_Label=RED LED
Mcu.Package=LQFP32
PB1.Signal=GPIO_Output
PA6.Signal=GPIO_Input
PA5.Locked=true
PA7.Locked=true
NVIC.TimeBase=TIM1_BRK_UP_TRG_COM_IRQn
Dma.USART2_RX.2.RequestParameters=Instance,Direction,PeriphInc,MemInc,PeriphDataAlignment,MemDataAlignment,Mode,Priority
Dma.ADC.4.PeriphInc=DMA_PINC_DISABLE
ProjectManager.ToolChainLocation=
Dma.USART1_RX.0.RequestParameters=Instance,Direction,PeriphInc,MemInc,PeriphDataAlignment,MemDataAlignment,Mode,Priority
NVIC.TimeBaseIP=TIM1
PA10.Signal=USART1_RX
FREERTOS.FootprintOK=true
PA15.Signal=GPIO_Output
Dma.USART2_RX.2.Direction=DMA_PERIPH_TO_MEMORY
PB5.GPIO_Label=BLUE LED
Dma.Request2=USART2_RX
RCC.CECFreq_Value=32786.88524590164
Dma.Request1=USART1_TX
RCC.APB1TimFreq_Value=48000000
Dma.Request4=ADC
Dma.Request3=USART2_TX
Dma.USART1_RX.0.Mode=DMA_NORMAL
Dma.USART1_TX.1.Priority=DMA_PRIORITY_HIGH
Dma.ADC.4.Mode=DMA_CIRCULAR
NVIC.USART1_IRQn=true\:0\:0\:false\:false\:true\:false\:true\:true
PF1-OSC_OUT.Mode=HSE-External-Oscillator
Dma.Request0=USART1_RX
Dma.USART1_RX.0.Instance=DMA1_Channel3
ProjectManager.CustomerFirmwarePackage=
VP_TIM3_VS_ClockSourceINT.Mode=Internal
PF1-OSC_OUT.Signal=RCC_OSC_OUT
PB4.Signal=S_TIM3_CH1
PA3.Signal=USART2_RX
Dma.USART1_TX.1.Direction=DMA_MEMORY_TO_PERIPH
PA2.Locked=true
RCC.PLLSourceVirtual=RCC_PLLSOURCE_HSE
Dma.USART2_TX.3.MemDataAlignment=DMA_MDATAALIGN_BYTE
Dma.USART1_TX.1.Instance=DMA1_Channel2
RCC.I2SFreq_Value=48000000
ProjectManager.ProjectFileName=Ultrasonic.ioc
FREERTOS.Tasks01=Serial,0,128,StartSerial,Default,NULL,Dynamic,NULL,NULL;LED,-3,128,StartLED,Default,NULL,Dynamic,NULL,NULL
PA7.Mode=IN7
Dma.USART1_RX.0.PeriphDataAlignment=DMA_PDATAALIGN_BYTE
PA10.Mode=Asynchronous
Mcu.PinsNb=29
Dma.USART2_TX.3.Instance=DMA1_Channel4
ProjectManager.NoMain=false
VP_ADC_TempSens_Input.Mode=IN-TempSens
Dma.USART1_TX.1.RequestParameters=Instance,Direction,PeriphInc,MemInc,PeriphDataAlignment,MemDataAlignment,Mode,Priority
NVIC.SavedSvcallIrqHandlerGenerated=true
Dma.ADC.4.Direction=DMA_PERIPH_TO_MEMORY
ProjectManager.DefaultFWLocation=true
Dma.USART2_TX.3.PeriphInc=DMA_PINC_DISABLE
ADC.IPParameters=ContinuousConvMode,SamplingTime,ClockPrescaler,DMAContinuousRequests
ProjectManager.DeletePrevious=true
ADC.ClockPrescaler=ADC_CLOCK_ASYNC_DIV1
VP_TIM17_VS_ClockSourceINT.Signal=TIM17_VS_ClockSourceINT
NVIC.USART2_IRQn=true\:0\:0\:false\:false\:true\:false\:true\:true
USART2.BaudRate=9600
Dma.USART2_RX.2.Mode=DMA_NORMAL
RCC.FamilyName=M
USART1.VirtualMode-Asynchronous=VM_ASYNC
PA13.Signal=SYS_SWDIO
PA3.Mode=Asynchronous
VP_FREERTOS_VS_CMSIS_V1.Signal=FREERTOS_VS_CMSIS_V1
PA15.Locked=true
PA11.Locked=true
PA9.Mode=Asynchronous
CAN.BS2=CAN_BS2_2TQ
PA8.GPIO_Label=DATA IN OUT
CAN.BS1=CAN_BS1_13TQ
TIM3.Pulse-PWM\ Generation1\ CH1=50
Dma.USART2_RX.2.MemInc=DMA_MINC_ENABLE
Dma.ADC.4.Priority=DMA_PRIORITY_LOW
ProjectManager.TargetToolchain=MDK-ARM V5.27
PB7.GPIOParameters=GPIO_Label
Dma.USART1_RX.0.Direction=DMA_PERIPH_TO_MEMORY
PA9.Signal=USART1_TX
PB5.Locked=true
Dma.USART2_TX.3.PeriphDataAlignment=DMA_PDATAALIGN_BYTE
ProjectManager.RegisterCallBack=
VP_TIM3_VS_ClockSourceINT.Signal=TIM3_VS_ClockSourceINT
PA1.Signal=GPIO_Input
Dma.USART1_RX.0.PeriphInc=DMA_PINC_DISABLE
PB1.Locked=true
PF0-OSC_IN.Mode=HSE-External-Oscillator
PA5.Signal=GPIO_Output
ADC.DMAContinuousRequests=ENABLE
Dma.USART1_TX.1.MemDataAlignment=DMA_MDATAALIGN_BYTE
board=custom
ProjectManager.LastFirmware=true
Dma.ADC.4.MemInc=DMA_MINC_ENABLE
NVIC.DMA1_Channel4_5_IRQn=true\:0\:0\:false\:false\:true\:true\:false\:true
RCC.VCOOutput2Freq_Value=8000000
Dma.USART2_RX.2.PeriphInc=DMA_PINC_DISABLE
NVIC.SavedSystickIrqHandlerGenerated=true
MxCube.Version=6.0.1
VP_SYS_VS_tim1.Signal=SYS_VS_tim1
Dma.USART2_TX.3.Mode=DMA_NORMAL
PA1.GPIO_Label=BUTTON 1
TIM3.IPParameters=Channel-PWM Generation1 CH1,Prescaler,Period,Pulse-PWM Generation1 CH1
Dma.USART1_RX.0.MemDataAlignment=DMA_MDATAALIGN_BYTE
PA9.Locked=true
NVIC.NonMaskableInt_IRQn=true\:0\:0\:false\:false\:true\:false\:false\:false
CAN.IPParameters=CalculateTimeQuantum,BS1,BS2
PA13.Mode=Serial_Wire
ProjectManager.FreePins=false
RCC.IPParameters=AHBFreq_Value,APB1Freq_Value,APB1TimFreq_Value,CECFreq_Value,FCLKCortexFreq_Value,FamilyName,HCLKFreq_Value,HSICECFreq_Value,I2SFreq_Value,MCOFreq_Value,PLLCLKFreq_Value,PLLMCOFreq_Value,PLLMUL,PLLSourceVirtual,SYSCLKFreq_VALUE,SYSCLKSource,TimSysFreq_Value,USART1Freq_Value,VCOOutput2Freq_Value
ProjectManager.AskForMigrate=true
Mcu.Name=STM32F042K(4-6)Tx
Mcu.Pin26=VP_SYS_VS_tim1
Mcu.Pin27=VP_TIM3_VS_ClockSourceINT
NVIC.SavedPendsvIrqHandlerGenerated=true
PA2.Signal=USART2_TX
Mcu.Pin24=VP_ADC_TempSens_Input
ProjectManager.UnderRoot=false
Mcu.Pin25=VP_FREERTOS_VS_CMSIS_V1
Mcu.IP8=TIM17
RCC.HSICECFreq_Value=32786.88524590164
Mcu.IP9=USART1
Mcu.Pin28=VP_TIM17_VS_ClockSourceINT
Mcu.IP6=SYS
Mcu.IP7=TIM3
ProjectManager.CoupleFile=true
PB4.Locked=true
PA4.Signal=GPIO_Output
RCC.SYSCLKFreq_VALUE=48000000
PB5.Signal=GPIO_Output
Mcu.Pin22=PB6
Mcu.Pin23=PB7
RCC.TimSysFreq_Value=48000000
PA1.Locked=true
Mcu.Pin20=PB4
VP_ADC_TempSens_Input.Signal=ADC_TempSens_Input
Mcu.Pin21=PB5
PA3.Locked=true
PA12.Mode=Master
PA10.Locked=true
NVIC.ForceEnableDMAVector=true
KeepUserPlacement=false
Dma.USART2_RX.2.Instance=DMA1_Channel5
Dma.USART1_TX.1.Mode=DMA_NORMAL
PA13.Locked=true
ProjectManager.CompilerOptimize=6
PA11.Signal=CAN_RX
PA14.Signal=SYS_SWCLK
ProjectManager.HeapSize=0x200
Mcu.Pin15=PA11
Dma.USART1_TX.1.PeriphInc=DMA_PINC_DISABLE
NVIC.HardFault_IRQn=true\:0\:0\:false\:false\:true\:false\:false\:false
Mcu.Pin16=PA12
Mcu.Pin13=PA9
Mcu.Pin14=PA10
Dma.ADC.4.RequestParameters=Instance,Direction,PeriphInc,MemInc,PeriphDataAlignment,MemDataAlignment,Mode,Priority
Mcu.Pin19=PA15
SH.S_TIM3_CH1.ConfNb=1
ProjectManager.ComputerToolchain=false
Mcu.Pin17=PA13
Mcu.Pin18=PA14
Dma.USART2_TX.3.Priority=DMA_PRIORITY_HIGH
Mcu.Pin11=PB1
Mcu.Pin12=PA8
Mcu.Pin10=PB0
NVIC.DMA1_Channel2_3_IRQn=true\:0\:0\:false\:false\:true\:true\:false\:true
PB7.Locked=true
PA2.Mode=Asynchronous
Dma.ADC.4.PeriphDataAlignment=DMA_PDATAALIGN_WORD
Dma.ADC.4.MemDataAlignment=DMA_MDATAALIGN_WORD
NVIC.DMA1_Channel1_IRQn=true\:0\:0\:false\:false\:true\:true\:false\:true
PF0-OSC_IN.Signal=RCC_OSC_IN
RCC.APB1Freq_Value=48000000
PB0.Signal=GPIO_Input
ADC.ContinuousConvMode=ENABLE
NVIC.TIM1_BRK_UP_TRG_COM_IRQn=true\:0\:0\:false\:false\:true\:false\:false\:true
ProjectManager.DeviceId=STM32F042K6Tx
ProjectManager.LibraryCopy=1
PA7.Signal=ADC_IN7
PA6.Locked=true
